
Microsoft Visual Studio Solution File, Format Version 12.00
# Visual Studio Version 16
VisualStudioVersion = 16.0.30804.86
MinimumVisualStudioVersion = 10.0.40219.1
Project("{FAE04EC0-301F-11D3-BF4B-00C04F79EFBC}") = "HighLowGame", "HighLowGame\HighLowGame.csproj", "{9FA60E9A-755B-4D1D-B5F8-18485A69C95D}"
EndProject
Global
	GlobalSection(SolutionConfigurationPlatforms) = preSolution
		Debug|Any CPU = Debug|Any CPU
		Release|Any CPU = Release|Any CPU
	EndGlobalSection
	GlobalSection(ProjectConfigurationPlatforms) = postSolution
		{9FA60E9A-755B-4D1D-B5F8-18485A69C95D}.Debug|Any CPU.ActiveCfg = Debug|Any CPU
		{9FA60E9A-755B-4D1D-B5F8-18485A69C95D}.Debug|Any CPU.Build.0 = Debug|Any CPU
		{9FA60E9A-755B-4D1D-B5F8-18485A69C95D}.Release|Any CPU.ActiveCfg = Release|Any CPU
		{9FA60E9A-755B-4D1D-B5F8-18485A69C95D}.Release|Any CPU.Build.0 = Release|Any CPU
	EndGlobalSection
	GlobalSection(SolutionProperties) = preSolution
		HideSolutionNode = FALSE
	EndGlobalSection
	GlobalSection(ExtensibilityGlobals) = postSolution
		SolutionGuid = {91E1487B-821B-4870-A5D9-A1F6A52D8816}
	EndGlobalSection
EndGlobal
